PODS:
  - Ads-CN (3.6.1.1):
    - Ads-CN/BUAdSDK (= 3.6.1.1)
  - Ads-CN/BUAdSDK (3.6.1.1):
    - Ads-CN/BUFoundation
    - Ads-CN/Domestic
  - Ads-CN/BUFoundation (3.6.1.1)
  - Ads-CN/Domestic (3.6.1.1)
  - Ads-CN/International (3.6.1.1)
  - AntiAddiction (1.1.1):
    - EventsIOSdk
  - AppsFlyerFramework (6.2.5):
    - AppsFlyerFramework/Main (= 6.2.5)
  - AppsFlyerFramework/Main (6.2.5)
  - DataFlyer (1.1.0)
  - EmbededSdk (1.2.0):
    - EventsIOSdk
    - TaurusXAds
  - EventsIOSdk (1.0.7)
  - GDTMobSDK (4.12.61):
    - GDTMobSDK/GDTMobSDK (= 4.12.61)
  - GDTMobSDK/GDTMobSDK (4.12.61)
  - KSAdSDK (3.3.9.3)
  - NathAds (1.1.9):
    - DataFlyer
  - PrivacyPolicy (1.6)
  - TaurusXAd_Mobrain_GDT (4.12.61.0)
  - TaurusXAd_Mobrain_KuaiShou (3.3.9.3.0)
  - TaurusXAd_Mobrain_TikTok (3.6.1.1.0)
  - TaurusXAdMediation_GDT (4.12.61.0):
    - GDTMobSDK (= 4.12.61)
    - TaurusXAds
  - TaurusXAdMediation_KuaiShou (3.3.9.3.1):
    - KSAdSDK (= 3.3.9.3)
    - TaurusXAds
  - TaurusXAdMediation_Mobrain (2.7.1.0.2):
    - TaurusXAds
  - TaurusXAdMediation_TikTok (3.6.1.1.0):
    - Ads-CN (= 3.6.1.1)
    - Ads-CN/BUAdSDK (= 3.6.1.1)
    - Ads-CN/International (= 3.6.1.1)
    - TaurusXAds
  - TaurusXAds (2.1.1):
    - DataFlyer
    - EventsIOSdk
    - NathAds (~> 1.1.9)
  - TGCAntiAddiction (1.0.1.0):
    - AntiAddiction
  - TGCAppsFlyer (6.2.5.0):
    - AppsFlyerFramework (= 6.2.5)
  - TGCEmbed (1.0.2.0):
    - EmbededSdk
  - TGCenter (1.9)
  - TGCPrivacy (1.6.0):
    - PrivacyPolicy
  - TGCTaurusXAds (2.0.3.0):
    - TaurusXAds
  - TGCUmeng (7.2.5.0):
    - UMAPM (= 1.1.0)
    - "UMCAnalyticsGame (= 7.2.5+G)"
    - UMCCommon (= 7.2.5)
    - UMCCommonLog (= 2.0.0)
    - UMDevice (= 1.1.0)
  - TGCWeChat (1.8.7.1.1):
    - WechatOpenSDK (= 1.8.7.1)
  - UMAPM (1.1.0)
  - "UMCAnalyticsGame (7.2.5+G)":
    - UMCCommon
  - UMCCommon (7.2.5):
    - UMAPM
    - UMDevice
  - UMCCommonLog (2.0.0)
  - UMDevice (1.1.0)
  - WechatOpenSDK (1.8.7.1)

DEPENDENCIES:
  - TaurusXAd_Mobrain_GDT
  - TaurusXAd_Mobrain_KuaiShou
  - TaurusXAd_Mobrain_TikTok
  - TaurusXAdMediation_GDT
  - TaurusXAdMediation_KuaiShou
  - TaurusXAdMediation_Mobrain
  - TaurusXAdMediation_TikTok
  - TGCAntiAddiction
  - TGCAppsFlyer
  - TGCEmbed
  - TGCenter
  - TGCPrivacy
  - TGCTaurusXAds
  - TGCUmeng
  - TGCWeChat

SPEC REPOS:
  https://github.com/CocoaPods/Specs.git:
    - Ads-CN
    - AntiAddiction
    - AppsFlyerFramework
    - DataFlyer
    - EmbededSdk
    - EventsIOSdk
    - GDTMobSDK
    - KSAdSDK
    - NathAds
    - PrivacyPolicy
    - TaurusXAd_Mobrain_GDT
    - TaurusXAd_Mobrain_KuaiShou
    - TaurusXAd_Mobrain_TikTok
    - TaurusXAdMediation_GDT
    - TaurusXAdMediation_KuaiShou
    - TaurusXAdMediation_Mobrain
    - TaurusXAdMediation_TikTok
    - TaurusXAds
    - TGCAntiAddiction
    - TGCAppsFlyer
    - TGCEmbed
    - TGCenter
    - TGCPrivacy
    - TGCTaurusXAds
    - TGCUmeng
    - TGCWeChat
    - UMAPM
    - UMCAnalyticsGame
    - UMCCommon
    - UMCCommonLog
    - UMDevice
    - WechatOpenSDK

SPEC CHECKSUMS:
  Ads-CN: 4b08d1457d869b1e4ae6173f2fd06b7f38152ff7
  AntiAddiction: f201cdb8432015168cc7b43c1dedca03fb14e285
  AppsFlyerFramework: a222d1c388bd7b6199237c6a0b0b63ccb7d59bd2
  DataFlyer: 72a6238ef354ec5d89650d37c8f787d47d3319f6
  EmbededSdk: c826d7c206923c510c339176ad67a8bab106a445
  EventsIOSdk: dd0fe3f3874c2058d9d1ee364c961c25b88cc5af
  GDTMobSDK: 63a094e9c02bb01213902d7cdf2389c149660a03
  KSAdSDK: 787046ea2faad6a5e006f1d43e03d1b0200eee39
  NathAds: e28cc6d328bac16e192b25775146026be1df8a4a
  PrivacyPolicy: 68b2e9fd52686d4847942416c97ada79a8251a05
  TaurusXAd_Mobrain_GDT: 80f9507855d6ff0caf168bbed398953ccfd20cab
  TaurusXAd_Mobrain_KuaiShou: ccf7c1fcbc1cecd35987a082b64a3ff3503e87b9
  TaurusXAd_Mobrain_TikTok: 1290eba30eee53df7a0440d0657c7eae6df7a9d8
  TaurusXAdMediation_GDT: 6a2c09ae1d1cb9f9b65b9c72ed96822664ae47d9
  TaurusXAdMediation_KuaiShou: 7965f81127a9fc42efe316903e046d9ee1beb7f4
  TaurusXAdMediation_Mobrain: b1bbdab0bcf019a21eada8714452722f4c36ea8f
  TaurusXAdMediation_TikTok: c09254e80027b52ed8d2d9c4043cfcff191c8b93
  TaurusXAds: cf235a6a4b333779ad336e0625c8c000e0f56567
  TGCAntiAddiction: 05d17a6b17b65eaaff6f2e1fd8a585c7de877452
  TGCAppsFlyer: 3a5de4bfc7958529d8c7e8ee9e9c86e6277e9d7a
  TGCEmbed: e8e1318ccbe8cfa7e7785516576cef2bd9d99273
  TGCenter: b04cf19f7800ecd180cc3c97b93a66cd5776a89e
  TGCPrivacy: 0ce76a4a4501904ba8a3e8da4fa9d42a877fca09
  TGCTaurusXAds: b5d2748245dee7c3421b5eaa36cddf2a07dd6d76
  TGCUmeng: 35c1b439f1fc0779f4625f2e819969d34ccfd1e9
  TGCWeChat: 0bd236567791db756812ca228bf11e3c683cfe86
  UMAPM: 2b966cff744dccdd9e2ed99efafce280be30833c
  UMCAnalyticsGame: 49acd11780082d916407c605f68710d54fb78afc
  UMCCommon: f7480d316381612f90cdde3a3c0f39a7e2c0a788
  UMCCommonLog: 9b7ddde5d14a52fc1986ba5ac3121b8b2f433638
  UMDevice: 28d21a568c8e8322e5a03bbd53b138d0c098d3b3
  WechatOpenSDK: 6a4d1436c15b3b5fe2a0bd383f3046010186da44

PODFILE CHECKSUM: 9ca27a0ade3b5033c6daaeb859758784ea976105

COCOAPODS: 1.10.1
