PODS:
  - AppsFlyerFramework (6.1.4):
    - AppsFlyerFramework/Main (= 6.1.4)
  - AppsFlyerFramework/Main (6.1.4)
  - DataFlyer (1.0.8)
  - EmbededSdk (1.0.2):
    - EventsIOSdk
    - TaurusXAds
  - EventsIOSdk (1.0.2)
  - GDTMobSDK (4.12.1):
    - GDTMobSDK/GDTMobSDK (= 4.12.1)
  - GDTMobSDK/GDTMobSDK (4.12.1)
  - KSAdSDK (3.3.5)
  - NathAds (1.1.9):
    - DataFlyer
  - PrivacyPolicy (1.2)
  - RangersAppLog/Core (5.4.2)
  - RangersAppLog/Log (5.4.2):
    - RangersAppLog/Core
  - RangersAppLog/Unique (5.4.2):
    - RangersAppLog/Core
  - TaurusXAd_Mobrain_GDT (4.12.1.1)
  - TaurusXAd_Mobrain_KuaiShou (3.3.5.2)
  - TaurusXAd_Mobrain_TikTok (3.4.1.1.0)
  - TaurusXAd_TikTok (3.4.1.1)
  - TaurusXAdMediation_GDT (4.12.1.0):
    - GDTMobSDK (= 4.12.1)
    - TaurusXAds
  - TaurusXAdMediation_KuaiShou (3.3.5.1):
    - KSAdSDK (= 3.3.5)
    - TaurusXAds
  - TaurusXAdMediation_Mobrain (2.5.0.1.0):
    - TaurusXAds
  - TaurusXAdMediation_TikTok (3.4.1.1.0):
    - TaurusXAd_TikTok (= 3.4.1.1)
    - TaurusXAds
  - TaurusXAds (2.0.3):
    - DataFlyer (= 1.0.8)
    - NathAds (~> 1.1.9)
  - TGCAppsFlyer (6.1.4.0):
    - AppsFlyerFramework (= 6.1.4)
  - TGCEmbed (1.0.2.0):
    - EmbededSdk
  - TGCenter (1.2)
  - TGCPrivacy (1.2.0):
    - PrivacyPolicy (= 1.2)
  - TGCRangersAppLog (5.4.2.0)
  - TGCTaurusXAds (2.0.3.0):
    - TaurusXAds
  - TGCUmeng (7.2.5.0):
    - UMAPM (= 1.1.0)
    - "UMCAnalyticsGame (= 7.2.5+G)"
    - UMCCommon (= 7.2.5)
    - UMCCommonLog (= 2.0.0)
    - UMDevice (= 1.1.0)
  - UMAPM (1.1.0)
  - "UMCAnalyticsGame (7.2.5+G)":
    - UMCCommon
  - UMCCommon (7.2.5):
    - UMAPM
    - UMDevice
  - UMCCommonLog (2.0.0)
  - UMDevice (1.1.0)

DEPENDENCIES:
  - RangersAppLog/Core (= 5.4.2)
  - RangersAppLog/Log (= 5.4.2)
  - RangersAppLog/Unique (= 5.4.2)
  - TaurusXAd_Mobrain_GDT
  - TaurusXAd_Mobrain_KuaiShou
  - TaurusXAd_Mobrain_TikTok
  - TaurusXAdMediation_GDT
  - TaurusXAdMediation_KuaiShou
  - TaurusXAdMediation_Mobrain
  - TaurusXAdMediation_TikTok
  - TGCAppsFlyer
  - TGCEmbed
  - TGCenter
  - TGCPrivacy
  - TGCRangersAppLog
  - TGCTaurusXAds
  - TGCUmeng

SPEC REPOS:
  https://github.com/bytedance/cocoapods_sdk_source_repo.git:
    - RangersAppLog
  https://github.com/CocoaPods/Specs.git:
    - AppsFlyerFramework
    - DataFlyer
    - EmbededSdk
    - EventsIOSdk
    - GDTMobSDK
    - KSAdSDK
    - NathAds
    - PrivacyPolicy
    - TaurusXAd_Mobrain_GDT
    - TaurusXAd_Mobrain_KuaiShou
    - TaurusXAd_Mobrain_TikTok
    - TaurusXAd_TikTok
    - TaurusXAdMediation_GDT
    - TaurusXAdMediation_KuaiShou
    - TaurusXAdMediation_Mobrain
    - TaurusXAdMediation_TikTok
    - TaurusXAds
    - TGCAppsFlyer
    - TGCEmbed
    - TGCenter
    - TGCPrivacy
    - TGCRangersAppLog
    - TGCTaurusXAds
    - TGCUmeng
    - UMAPM
    - UMCAnalyticsGame
    - UMCCommon
    - UMCCommonLog
    - UMDevice

SPEC CHECKSUMS:
  AppsFlyerFramework: ed1a754b74739bafbcb0d8235d6bc4f0ffe2e0ec
  DataFlyer: 3c4be94b4ef0c2221052ab437299879bc187e1a0
  EmbededSdk: b4f279d786b5d1e53bf0375b64c5f9db26329f5a
  EventsIOSdk: 8620d22cb1303422a393c58c1cc526bec98cc0ab
  GDTMobSDK: 8153fd4ed7f16be4786923226487ff60f0344a4f
  KSAdSDK: 6ea07f8c86e3861f25235a18cec6b0c843a79dee
  NathAds: e28cc6d328bac16e192b25775146026be1df8a4a
  PrivacyPolicy: ad325f3b73ea138ba28c0b770e24eb47deafbd0c
  RangersAppLog: 8c41a5c3473017203c90a04b6b9b09033f562b8f
  TaurusXAd_Mobrain_GDT: 808bc8fca64180a382f0a39888766b982cf6223b
  TaurusXAd_Mobrain_KuaiShou: 699b5fe4a63aa14d3a72aafabdaa1ca793cdb73c
  TaurusXAd_Mobrain_TikTok: f2b677196f94c9802cd7a7e0e1a23b1a73653fc1
  TaurusXAd_TikTok: c996c6f3a6ce193ff50fbdc166d081f118ecbc48
  TaurusXAdMediation_GDT: 3c2239a77e89c1d0f2629f50f17cc69866534a59
  TaurusXAdMediation_KuaiShou: b3cc0ca6b9f79353f4cac729aeab6b6998cc2799
  TaurusXAdMediation_Mobrain: d95d0d4d26efcbac7e8e7ec0ff5e5dcb0bc053ff
  TaurusXAdMediation_TikTok: 0b1e412a56fab3e2d41a8bea1a113e5aa03e12c0
  TaurusXAds: 056bedb98a1b4a8e34546a1d86df67ca87bcfe79
  TGCAppsFlyer: 4092f5f28e3296728d0dd35ae1bd61ee20e4409b
  TGCEmbed: e8e1318ccbe8cfa7e7785516576cef2bd9d99273
  TGCenter: 800ccc9f25ab501b28534b8474a0c37246364e2e
  TGCPrivacy: d9521f9b4c42b5df31e12974a7be1af1b69b02fd
  TGCRangersAppLog: 5bee186dc29659279f97bc2ec4112e4e51a31000
  TGCTaurusXAds: b5d2748245dee7c3421b5eaa36cddf2a07dd6d76
  TGCUmeng: 35c1b439f1fc0779f4625f2e819969d34ccfd1e9
  UMAPM: 2b966cff744dccdd9e2ed99efafce280be30833c
  UMCAnalyticsGame: 49acd11780082d916407c605f68710d54fb78afc
  UMCCommon: f7480d316381612f90cdde3a3c0f39a7e2c0a788
  UMCCommonLog: 9b7ddde5d14a52fc1986ba5ac3121b8b2f433638
  UMDevice: 28d21a568c8e8322e5a03bbd53b138d0c098d3b3

PODFILE CHECKSUM: 1b6385e431105fdb1978a5c4b8cd4c91143d190a

COCOAPODS: 1.10.1
